// !$*UTF8*$!
{
	archiveVersion = 1;
	classes = {
	};
	objectVersion = 50;
	objects = {

/* Begin PBXBuildFile section */
		3604E98A2397CDE100D03DB9 /* OnAirView.swift in Sources */ = {isa = PBXBuildFile; fileRef = 3604E9892397CDE100D03DB9 /* OnAirView.swift */; };
		3604E98F2397DA8800D03DB9 /* PreferencesWindow.swift in Sources */ = {isa = PBXBuildFile; fileRef = 3604E98D2397DA8800D03DB9 /* PreferencesWindow.swift */; };
		3604E9902397DA8800D03DB9 /* PreferencesWindow.xib in Resources */ = {isa = PBXBuildFile; fileRef = 3604E98E2397DA8800D03DB9 /* PreferencesWindow.xib */; };
		36207A462397AA0A00B5604B /* AppDelegate.swift in Sources */ = {isa = PBXBuildFile; fileRef = 36207A452397AA0A00B5604B /* AppDelegate.swift */; };
		36207A482397AA0B00B5604B /* Assets.xcassets in Resources */ = {isa = PBXBuildFile; fileRef = 36207A472397AA0B00B5604B /* Assets.xcassets */; };
		36207A4B2397AA0B00B5604B /* OnAirNotifier.xib in Resources */ = {isa = PBXBuildFile; fileRef = 36207A492397AA0B00B5604B /* OnAirNotifier.xib */; };
		36E5E4BF2397AB1C00018859 /* StatusMenuController.swift in Sources */ = {isa = PBXBuildFile; fileRef = 36E5E4BE2397AB1C00018859 /* StatusMenuController.swift */; };
		36E5E4C12397B1CB00018859 /* CameraWatcher.swift in Sources */ = {isa = PBXBuildFile; fileRef = 36E5E4C02397B1CB00018859 /* CameraWatcher.swift */; };
/* End PBXBuildFile section */

/* Begin PBXFileReference section */
		3604E9892397CDE100D03DB9 /* OnAirView.swift */ = {isa = PBXFileReference; lastKnownFileType = sourcecode.swift; path = OnAirView.swift; sourceTree = "<group>"; };
		3604E98D2397DA8800D03DB9 /* PreferencesWindow.swift */ = {isa = PBXFileReference; lastKnownFileType = sourcecode.swift; path = PreferencesWindow.swift; sourceTree = "<group>"; };
		3604E98E2397DA8800D03DB9 /* PreferencesWindow.xib */ = {isa = PBXFileReference; lastKnownFileType = file.xib; path = PreferencesWindow.xib; sourceTree = "<group>"; };
		36207A422397AA0A00B5604B /* on-air-notifier.app */ = {isa = PBXFileReference; explicitFileType = wrapper.application; includeInIndex = 0; path = "on-air-notifier.app"; sourceTree = BUILT_PRODUCTS_DIR; };
		36207A452397AA0A00B5604B /* AppDelegate.swift */ = {isa = PBXFileReference; lastKnownFileType = sourcecode.swift; path = AppDelegate.swift; sourceTree = "<group>"; };
		36207A472397AA0B00B5604B /* Assets.xcassets */ = {isa = PBXFileReference; lastKnownFileType = folder.assetcatalog; path = Assets.xcassets; sourceTree = "<group>"; };
		36207A4A2397AA0B00B5604B /* Base */ = {isa = PBXFileReference; lastKnownFileType = file.xib; name = Base; path = Base.lproj/OnAirNotifier.xib; sourceTree = "<group>"; };
		36207A4C2397AA0B00B5604B /* Info.plist */ = {isa = PBXFileReference; lastKnownFileType = text.plist.xml; path = Info.plist; sourceTree = "<group>"; };
		36207A4D2397AA0B00B5604B /* on_air_notifier.entitlements */ = {isa = PBXFileReference; lastKnownFileType = text.plist.entitlements; path = on_air_notifier.entitlements; sourceTree = "<group>"; };
		36E5E4BE2397AB1C00018859 /* StatusMenuController.swift */ = {isa = PBXFileReference; lastKnownFileType = sourcecode.swift; path = StatusMenuController.swift; sourceTree = "<group>"; };
		36E5E4C02397B1CB00018859 /* CameraWatcher.swift */ = {isa = PBXFileReference; lastKnownFileType = sourcecode.swift; path = CameraWatcher.swift; sourceTree = "<group>"; };
/* End PBXFileReference section */

/* Begin PBXFrameworksBuildPhase section */
		36207A3F2397AA0A00B5604B /* Frameworks */ = {
			isa = PBXFrameworksBuildPhase;
			buildActionMask = 2147483647;
			files = (
			);
			runOnlyForDeploymentPostprocessing = 0;
		};
/* End PBXFrameworksBuildPhase section */

/* Begin PBXGroup section */
		36207A392397AA0A00B5604B = {
			isa = PBXGroup;
			children = (
				36207A442397AA0A00B5604B /* on-air-notifier */,
				36207A432397AA0A00B5604B /* Products */,
			);
			indentWidth = 2;
			sourceTree = "<group>";
			tabWidth = 2;
		};
		36207A432397AA0A00B5604B /* Products */ = {
			isa = PBXGroup;
			children = (
				36207A422397AA0A00B5604B /* on-air-notifier.app */,
			);
			name = Products;
			sourceTree = "<group>";
		};
		36207A442397AA0A00B5604B /* on-air-notifier */ = {
			isa = PBXGroup;
			children = (
				36207A452397AA0A00B5604B /* AppDelegate.swift */,
				36207A472397AA0B00B5604B /* Assets.xcassets */,
				36207A492397AA0B00B5604B /* OnAirNotifier.xib */,
				36207A4C2397AA0B00B5604B /* Info.plist */,
				36207A4D2397AA0B00B5604B /* on_air_notifier.entitlements */,
				36E5E4BE2397AB1C00018859 /* StatusMenuController.swift */,
				36E5E4C02397B1CB00018859 /* CameraWatcher.swift */,
				3604E9892397CDE100D03DB9 /* OnAirView.swift */,
				3604E98D2397DA8800D03DB9 /* PreferencesWindow.swift */,
				3604E98E2397DA8800D03DB9 /* PreferencesWindow.xib */,
			);
			path = "on-air-notifier";
			sourceTree = "<group>";
		};
/* End PBXGroup section */

/* Begin PBXNativeTarget section */
		36207A412397AA0A00B5604B /* on-air-notifier */ = {
			isa = PBXNativeTarget;
			buildConfigurationList = 36207A502397AA0B00B5604B /* Build configuration list for PBXNativeTarget "on-air-notifier" */;
			buildPhases = (
				36207A3E2397AA0A00B5604B /* Sources */,
				36207A3F2397AA0A00B5604B /* Frameworks */,
				36207A402397AA0A00B5604B /* Resources */,
			);
			buildRules = (
			);
			dependencies = (
			);
			name = "on-air-notifier";
			productName = "on-air-notifier";
			productReference = 36207A422397AA0A00B5604B /* on-air-notifier.app */;
			productType = "com.apple.product-type.application";
		};
/* End PBXNativeTarget section */

/* Begin PBXProject section */
		36207A3A2397AA0A00B5604B /* Project object */ = {
			isa = PBXProject;
			attributes = {
				LastSwiftUpdateCheck = 1120;
				LastUpgradeCheck = 1120;
				ORGANIZATIONNAME = "Jakob Westhoff";
				TargetAttributes = {
					36207A412397AA0A00B5604B = {
						CreatedOnToolsVersion = 11.2.1;
					};
				};
			};
			buildConfigurationList = 36207A3D2397AA0A00B5604B /* Build configuration list for PBXProject "on-air-notifier" */;
			compatibilityVersion = "Xcode 9.3";
			developmentRegion = en;
			hasScannedForEncodings = 0;
			knownRegions = (
				en,
				Base,
			);
			mainGroup = 36207A392397AA0A00B5604B;
			productRefGroup = 36207A432397AA0A00B5604B /* Products */;
			projectDirPath = "";
			projectRoot = "";
			targets = (
				36207A412397AA0A00B5604B /* on-air-notifier */,
			);
		};
/* End PBXProject section */

/* Begin PBXResourcesBuildPhase section */
		36207A402397AA0A00B5604B /* Resources */ = {
			isa = PBXResourcesBuildPhase;
			buildActionMask = 2147483647;
			files = (
				36207A482397AA0B00B5604B /* Assets.xcassets in Resources */,
				3604E9902397DA8800D03DB9 /* PreferencesWindow.xib in Resources */,
				36207A4B2397AA0B00B5604B /* OnAirNotifier.xib in Resources */,
			);
			runOnlyForDeploymentPostprocessing = 0;
		};
/* End PBXResourcesBuildPhase section */

/* Begin PBXSourcesBuildPhase section */
		36207A3E2397AA0A00B5604B /* Sources */ = {
			isa = PBXSourcesBuildPhase;
			buildActionMask = 2147483647;
			files = (
				36E5E4BF2397AB1C00018859 /* StatusMenuController.swift in Sources */,
				3604E98F2397DA8800D03DB9 /* PreferencesWindow.swift in Sources */,
				36E5E4C12397B1CB00018859 /* CameraWatcher.swift in Sources */,
				3604E98A2397CDE100D03DB9 /* OnAirView.swift in Sources */,
				36207A462397AA0A00B5604B /* AppDelegate.swift in Sources */,
			);
			runOnlyForDeploymentPostprocessing = 0;
		};
/* End PBXSourcesBuildPhase section */

/* Begin PBXVariantGroup section */
		36207A492397AA0B00B5604B /* OnAirNotifier.xib */ = {
			isa = PBXVariantGroup;
			children = (
				36207A4A2397AA0B00B5604B /* Base */,
			);
			name = OnAirNotifier.xib;
			sourceTree = "<group>";
		};
/* End PBXVariantGroup section */

/* Begin XCBuildConfiguration section */
		36207A4E2397AA0B00B5604B /* Debug */ = {
			isa = XCBuildConfiguration;
			buildSettings = {
				ALWAYS_SEARCH_USER_PATHS = NO;
				CLANG_ANALYZER_NONNULL = YES;
				CLANG_ANALYZER_NUMBER_OBJECT_CONVERSION = YES_AGGRESSIVE;
				CLANG_CXX_LANGUAGE_STANDARD = "gnu++14";
				CLANG_CXX_LIBRARY = "libc++";
				CLANG_ENABLE_MODULES = YES;
				CLANG_ENABLE_OBJC_ARC = YES;
				CLANG_ENABLE_OBJC_WEAK = YES;
				CLANG_WARN_BLOCK_CAPTURE_AUTORELEASING = YES;
				CLANG_WARN_BOOL_CONVERSION = YES;
				CLANG_WARN_COMMA = YES;
				CLANG_WARN_CONSTANT_CONVERSION = YES;
				CLANG_WARN_DEPRECATED_OBJC_IMPLEMENTATIONS = YES;
				CLANG_WARN_DIRECT_OBJC_ISA_USAGE = YES_ERROR;
				CLANG_WARN_DOCUMENTATION_COMMENTS = YES;
				CLANG_WARN_EMPTY_BODY = YES;
				CLANG_WARN_ENUM_CONVERSION = YES;
				CLANG_WARN_INFINITE_RECURSION = YES;
				CLANG_WARN_INT_CONVERSION = YES;
				CLANG_WARN_NON_LITERAL_NULL_CONVERSION = YES;
				CLANG_WARN_OBJC_IMPLICIT_RETAIN_SELF = YES;
				CLANG_WARN_OBJC_LITERAL_CONVERSION = YES;
				CLANG_WARN_OBJC_ROOT_CLASS = YES_ERROR;
				CLANG_WARN_RANGE_LOOP_ANALYSIS = YES;
				CLANG_WARN_STRICT_PROTOTYPES = YES;
				CLANG_WARN_SUSPICIOUS_MOVE = YES;
				CLANG_WARN_UNGUARDED_AVAILABILITY = YES_AGGRESSIVE;
				CLANG_WARN_UNREACHABLE_CODE = YES;
				CLANG_WARN__DUPLICATE_METHOD_MATCH = YES;
				COPY_PHASE_STRIP = NO;
				DEBUG_INFORMATION_FORMAT = dwarf;
				ENABLE_STRICT_OBJC_MSGSEND = YES;
				ENABLE_TESTABILITY = YES;
				GCC_C_LANGUAGE_STANDARD = gnu11;
				GCC_DYNAMIC_NO_PIC = NO;
				GCC_NO_COMMON_BLOCKS = YES;
				GCC_OPTIMIZATION_LEVEL = 0;
				GCC_PREPROCESSOR_DEFINITIONS = (
					"DEBUG=1",
					"$(inherited)",
				);
				GCC_WARN_64_TO_32_BIT_CONVERSION = YES;
				GCC_WARN_ABOUT_RETURN_TYPE = YES_ERROR;
				GCC_WARN_UNDECLARED_SELECTOR = YES;
				GCC_WARN_UNINITIALIZED_AUTOS = YES_AGGRESSIVE;
				GCC_WARN_UNUSED_FUNCTION = YES;
				GCC_WARN_UNUSED_VARIABLE = YES;
				MACOSX_DEPLOYMENT_TARGET = 10.14;
				MTL_ENABLE_DEBUG_INFO = INCLUDE_SOURCE;
				MTL_FAST_MATH = YES;
				ONLY_ACTIVE_ARCH = YES;
				SDKROOT = macosx;
				SWIFT_ACTIVE_COMPILATION_CONDITIONS = DEBUG;
				SWIFT_OPTIMIZATION_LEVEL = "-Onone";
			};
			name = Debug;
		};
		36207A4F2397AA0B00B5604B /* Release */ = {
			isa = XCBuildConfiguration;
			buildSettings = {
				ALWAYS_SEARCH_USER_PATHS = NO;
				CLANG_ANALYZER_NONNULL = YES;
				CLANG_ANALYZER_NUMBER_OBJECT_CONVERSION = YES_AGGRESSIVE;
				CLANG_CXX_LANGUAGE_STANDARD = "gnu++14";
				CLANG_CXX_LIBRARY = "libc++";
				CLANG_ENABLE_MODULES = YES;
				CLANG_ENABLE_OBJC_ARC = YES;
				CLANG_ENABLE_OBJC_WEAK = YES;
				CLANG_WARN_BLOCK_CAPTURE_AUTORELEASING = YES;
				CLANG_WARN_BOOL_CONVERSION = YES;
				CLANG_WARN_COMMA = YES;
				CLANG_WARN_CONSTANT_CONVERSION = YES;
				CLANG_WARN_DEPRECATED_OBJC_IMPLEMENTATIONS = YES;
				CLANG_WARN_DIRECT_OBJC_ISA_USAGE = YES_ERROR;
				CLANG_WARN_DOCUMENTATION_COMMENTS = YES;
				CLANG_WARN_EMPTY_BODY = YES;
				CLANG_WARN_ENUM_CONVERSION = YES;
				CLANG_WARN_INFINITE_RECURSION = YES;
				CLANG_WARN_INT_CONVERSION = YES;
				CLANG_WARN_NON_LITERAL_NULL_CONVERSION = YES;
				CLANG_WARN_OBJC_IMPLICIT_RETAIN_SELF = YES;
				CLANG_WARN_OBJC_LITERAL_CONVERSION = YES;
				CLANG_WARN_OBJC_ROOT_CLASS = YES_ERROR;
				CLANG_WARN_RANGE_LOOP_ANALYSIS = YES;
				CLANG_WARN_STRICT_PROTOTYPES = YES;
				CLANG_WARN_SUSPICIOUS_MOVE = YES;
				CLANG_WARN_UNGUARDED_AVAILABILITY = YES_AGGRESSIVE;
				CLANG_WARN_UNREACHABLE_CODE = YES;
				CLANG_WARN__DUPLICATE_METHOD_MATCH = YES;
				COPY_PHASE_STRIP = NO;
				DEBUG_INFORMATION_FORMAT = "dwarf-with-dsym";
				ENABLE_NS_ASSERTIONS = NO;
				ENABLE_STRICT_OBJC_MSGSEND = YES;
				GCC_C_LANGUAGE_STANDARD = gnu11;
				GCC_NO_COMMON_BLOCKS = YES;
				GCC_WARN_64_TO_32_BIT_CONVERSION = YES;
				GCC_WARN_ABOUT_RETURN_TYPE = YES_ERROR;
				GCC_WARN_UNDECLARED_SELECTOR = YES;
				GCC_WARN_UNINITIALIZED_AUTOS = YES_AGGRESSIVE;
				GCC_WARN_UNUSED_FUNCTION = YES;
				GCC_WARN_UNUSED_VARIABLE = YES;
				MACOSX_DEPLOYMENT_TARGET = 10.14;
				MTL_ENABLE_DEBUG_INFO = NO;
				MTL_FAST_MATH = YES;
				SDKROOT = macosx;
				SWIFT_COMPILATION_MODE = wholemodule;
				SWIFT_OPTIMIZATION_LEVEL = "-O";
			};
			name = Release;
		};
		36207A512397AA0B00B5604B /* Debug */ = {
			isa = XCBuildConfiguration;
			buildSettings = {
				ASSETCATALOG_COMPILER_APPICON_NAME = AppIcon;
				CODE_SIGN_ENTITLEMENTS = "on-air-notifier/on_air_notifier.entitlements";
				CODE_SIGN_STYLE = Automatic;
				COMBINE_HIDPI_IMAGES = YES;
				INFOPLIST_FILE = "on-air-notifier/Info.plist";
				LD_RUNPATH_SEARCH_PATHS = (
					"$(inherited)",
					"@executable_path/../Frameworks",
				);
				PRODUCT_BUNDLE_IDENTIFIER = "de.westhoffswelt.on-air-notifier";
				PRODUCT_NAME = "$(TARGET_NAME)";
				SWIFT_VERSION = 5.0;
			};
			name = Debug;
		};
		36207A522397AA0B00B5604B /* Release */ = {
			isa = XCBuildConfiguration;
			buildSettings = {
				ASSETCATALOG_COMPILER_APPICON_NAME = AppIcon;
				CODE_SIGN_ENTITLEMENTS = "on-air-notifier/on_air_notifier.entitlements";
				CODE_SIGN_STYLE = Automatic;
				COMBINE_HIDPI_IMAGES = YES;
				INFOPLIST_FILE = "on-air-notifier/Info.plist";
				LD_RUNPATH_SEARCH_PATHS = (
					"$(inherited)",
					"@executable_path/../Frameworks",
				);
				PRODUCT_BUNDLE_IDENTIFIER = "de.westhoffswelt.on-air-notifier";
				PRODUCT_NAME = "$(TARGET_NAME)";
				SWIFT_VERSION = 5.0;
			};
			name = Release;
		};
/* End XCBuildConfiguration section */

/* Begin XCConfigurationList section */
		36207A3D2397AA0A00B5604B /* Build configuration list for PBXProject "on-air-notifier" */ = {
			isa = XCConfigurationList;
			buildConfigurations = (
				36207A4E2397AA0B00B5604B /* Debug */,
				36207A4F2397AA0B00B5604B /* Release */,
			);
			defaultConfigurationIsVisible = 0;
			defaultConfigurationName = Release;
		};
		36207A502397AA0B00B5604B /* Build configuration list for PBXNativeTarget "on-air-notifier" */ = {
			isa = XCConfigurationList;
			buildConfigurations = (
				36207A512397AA0B00B5604B /* Debug */,
				36207A522397AA0B00B5604B /* Release */,
			);
			defaultConfigurationIsVisible = 0;
			defaultConfigurationName = Release;
		};
/* End XCConfigurationList section */
	};
	rootObject = 36207A3A2397AA0A00B5604B /* Project object */;
}
